// !$*UTF8*$!
{
	archiveVersion = 1;
	classes = {
	};
	objectVersion = 46;
	objects = {

/* Begin PBXBuildFile section */
		3EC35AA504CB57B7FEF500E6 /* Pods_SaffronTests.framework in Frameworks */ = {isa = PBXBuildFile; fileRef = 0E5BE5B4865347B1C44DAE26 /* Pods_SaffronTests.framework */; };
		6D1907261E831E39000F9B8D /* PhotoTableViewCell.swift in Sources */ = {isa = PBXBuildFile; fileRef = 6D1907251E831E39000F9B8D /* PhotoTableViewCell.swift */; };
		6D1907271E831E39000F9B8D /* PhotoTableViewCell.swift in Sources */ = {isa = PBXBuildFile; fileRef = 6D1907251E831E39000F9B8D /* PhotoTableViewCell.swift */; };
		6D1907281E831E39000F9B8D /* PhotoTableViewCell.swift in Sources */ = {isa = PBXBuildFile; fileRef = 6D1907251E831E39000F9B8D /* PhotoTableViewCell.swift */; };
		6D19072A1E8340F0000F9B8D /* PhotoViewCell.swift in Sources */ = {isa = PBXBuildFile; fileRef = 6D1907291E8340F0000F9B8D /* PhotoViewCell.swift */; };
		6D19072B1E8340F0000F9B8D /* PhotoViewCell.swift in Sources */ = {isa = PBXBuildFile; fileRef = 6D1907291E8340F0000F9B8D /* PhotoViewCell.swift */; };
		6D19072C1E8340F0000F9B8D /* PhotoViewCell.swift in Sources */ = {isa = PBXBuildFile; fileRef = 6D1907291E8340F0000F9B8D /* PhotoViewCell.swift */; };
		6D19072E1E834569000F9B8D /* RACollectionViewCell.swift in Sources */ = {isa = PBXBuildFile; fileRef = 6D19072D1E834569000F9B8D /* RACollectionViewCell.swift */; };
		6D19072F1E834569000F9B8D /* RACollectionViewCell.swift in Sources */ = {isa = PBXBuildFile; fileRef = 6D19072D1E834569000F9B8D /* RACollectionViewCell.swift */; };
		6D1907301E834569000F9B8D /* RACollectionViewCell.swift in Sources */ = {isa = PBXBuildFile; fileRef = 6D19072D1E834569000F9B8D /* RACollectionViewCell.swift */; };
		6D25A6B21E89F4E200F12B3D /* MealTimeViewController.swift in Sources */ = {isa = PBXBuildFile; fileRef = 6D25A6B11E89F4E200F12B3D /* MealTimeViewController.swift */; };
		6D25A6B31E89F4E200F12B3D /* MealTimeViewController.swift in Sources */ = {isa = PBXBuildFile; fileRef = 6D25A6B11E89F4E200F12B3D /* MealTimeViewController.swift */; };
		6D25A6B41E89F4E200F12B3D /* MealTimeViewController.swift in Sources */ = {isa = PBXBuildFile; fileRef = 6D25A6B11E89F4E200F12B3D /* MealTimeViewController.swift */; };
		6D26CB8B1E8B46580046D35D /* UIUtils.swift in Sources */ = {isa = PBXBuildFile; fileRef = 6D26CB8A1E8B46580046D35D /* UIUtils.swift */; };
		6D26CB8C1E8B46580046D35D /* UIUtils.swift in Sources */ = {isa = PBXBuildFile; fileRef = 6D26CB8A1E8B46580046D35D /* UIUtils.swift */; };
		6D26CB8D1E8B46580046D35D /* UIUtils.swift in Sources */ = {isa = PBXBuildFile; fileRef = 6D26CB8A1E8B46580046D35D /* UIUtils.swift */; };
		6D26CB8F1E8B4A430046D35D /* mealUtils.swift in Sources */ = {isa = PBXBuildFile; fileRef = 6D26CB8E1E8B4A430046D35D /* mealUtils.swift */; };
		6D26CB901E8B4A430046D35D /* mealUtils.swift in Sources */ = {isa = PBXBuildFile; fileRef = 6D26CB8E1E8B4A430046D35D /* mealUtils.swift */; };
		6D26CB911E8B4A430046D35D /* mealUtils.swift in Sources */ = {isa = PBXBuildFile; fileRef = 6D26CB8E1E8B4A430046D35D /* mealUtils.swift */; };
		6D26CB971E8C63080046D35D /* ValidationUtils.swift in Sources */ = {isa = PBXBuildFile; fileRef = 6D26CB961E8C63080046D35D /* ValidationUtils.swift */; };
		6D26CB981E8C63080046D35D /* ValidationUtils.swift in Sources */ = {isa = PBXBuildFile; fileRef = 6D26CB961E8C63080046D35D /* ValidationUtils.swift */; };
		6D26CB991E8C63080046D35D /* ValidationUtils.swift in Sources */ = {isa = PBXBuildFile; fileRef = 6D26CB961E8C63080046D35D /* ValidationUtils.swift */; };
		6D4FE3701E7B3B79007C9CC2 /* Montserrat-Bold.otf in Resources */ = {isa = PBXBuildFile; fileRef = 6D4FE36B1E7B3B79007C9CC2 /* Montserrat-Bold.otf */; };
		6D4FE3711E7B3B79007C9CC2 /* Montserrat-Hairline.otf in Resources */ = {isa = PBXBuildFile; fileRef = 6D4FE36C1E7B3B79007C9CC2 /* Montserrat-Hairline.otf */; };
		6D4FE3721E7B3B79007C9CC2 /* Montserrat-Light.otf in Resources */ = {isa = PBXBuildFile; fileRef = 6D4FE36D1E7B3B79007C9CC2 /* Montserrat-Light.otf */; };
		6D4FE3731E7B3B79007C9CC2 /* Montserrat-Regular.otf in Resources */ = {isa = PBXBuildFile; fileRef = 6D4FE36E1E7B3B79007C9CC2 /* Montserrat-Regular.otf */; };
		6D4FE3741E7B3B79007C9CC2 /* Montserrat-SemiBold.otf in Resources */ = {isa = PBXBuildFile; fileRef = 6D4FE36F1E7B3B79007C9CC2 /* Montserrat-SemiBold.otf */; };
		6D4FE3761E7B3D43007C9CC2 /* AddPhotosViewController.swift in Sources */ = {isa = PBXBuildFile; fileRef = 6D4FE3751E7B3D43007C9CC2 /* AddPhotosViewController.swift */; };
		6D4FE3771E7B3D43007C9CC2 /* AddPhotosViewController.swift in Sources */ = {isa = PBXBuildFile; fileRef = 6D4FE3751E7B3D43007C9CC2 /* AddPhotosViewController.swift */; };
		6D4FE3791E7B3D6F007C9CC2 /* MealInfoViewController.swift in Sources */ = {isa = PBXBuildFile; fileRef = 6D4FE3781E7B3D6F007C9CC2 /* MealInfoViewController.swift */; };
		6D4FE37A1E7B3D6F007C9CC2 /* MealInfoViewController.swift in Sources */ = {isa = PBXBuildFile; fileRef = 6D4FE3781E7B3D6F007C9CC2 /* MealInfoViewController.swift */; };
		6D7242B71E5F10A100F2473A /* CustomTabBarController.swift in Sources */ = {isa = PBXBuildFile; fileRef = 6D7242B61E5F10A100F2473A /* CustomTabBarController.swift */; };
		6D7242B81E5F10A100F2473A /* CustomTabBarController.swift in Sources */ = {isa = PBXBuildFile; fileRef = 6D7242B61E5F10A100F2473A /* CustomTabBarController.swift */; };
		6D7242B91E5F10A100F2473A /* CustomTabBarController.swift in Sources */ = {isa = PBXBuildFile; fileRef = 6D7242B61E5F10A100F2473A /* CustomTabBarController.swift */; };
		6D7675E81E48BB0A00A07969 /* AddMealViewController.swift in Sources */ = {isa = PBXBuildFile; fileRef = 6D7675E71E48BB0A00A07969 /* AddMealViewController.swift */; };
		6D7675E91E48BB0A00A07969 /* AddMealViewController.swift in Sources */ = {isa = PBXBuildFile; fileRef = 6D7675E71E48BB0A00A07969 /* AddMealViewController.swift */; };
		6D7675EF1E48BDC700A07969 /* Following.storyboard in Resources */ = {isa = PBXBuildFile; fileRef = 6D7675ED1E48BDC700A07969 /* Following.storyboard */; };
		6D7675F01E48BDC700A07969 /* Following.storyboard in Resources */ = {isa = PBXBuildFile; fileRef = 6D7675ED1E48BDC700A07969 /* Following.storyboard */; };
		6D7675F31E48BE0F00A07969 /* Discover.storyboard in Resources */ = {isa = PBXBuildFile; fileRef = 6D7675F11E48BE0F00A07969 /* Discover.storyboard */; };
		6D7675F41E48BE0F00A07969 /* Discover.storyboard in Resources */ = {isa = PBXBuildFile; fileRef = 6D7675F11E48BE0F00A07969 /* Discover.storyboard */; };
		6D7675F61E48BE5A00A07969 /* AddMeal.storyboard in Resources */ = {isa = PBXBuildFile; fileRef = 6D7675F51E48BE5A00A07969 /* AddMeal.storyboard */; };
		6D7675F71E48BE5A00A07969 /* AddMeal.storyboard in Resources */ = {isa = PBXBuildFile; fileRef = 6D7675F51E48BE5A00A07969 /* AddMeal.storyboard */; };
		6D7675F91E48BE8A00A07969 /* OrdersViewController.swift in Sources */ = {isa = PBXBuildFile; fileRef = 6D7675F81E48BE8A00A07969 /* OrdersViewController.swift */; };
		6D7675FA1E48BE8A00A07969 /* OrdersViewController.swift in Sources */ = {isa = PBXBuildFile; fileRef = 6D7675F81E48BE8A00A07969 /* OrdersViewController.swift */; };
		6D7675FC1E48BEA500A07969 /* ProfileViewController.swift in Sources */ = {isa = PBXBuildFile; fileRef = 6D7675FB1E48BEA500A07969 /* ProfileViewController.swift */; };
		6D7675FD1E48BEA500A07969 /* ProfileViewController.swift in Sources */ = {isa = PBXBuildFile; fileRef = 6D7675FB1E48BEA500A07969 /* ProfileViewController.swift */; };
		6D7676001E48BF9A00A07969 /* Orders.storyboard in Resources */ = {isa = PBXBuildFile; fileRef = 6D7675FE1E48BF9A00A07969 /* Orders.storyboard */; };
		6D7676011E48BF9A00A07969 /* Orders.storyboard in Resources */ = {isa = PBXBuildFile; fileRef = 6D7675FE1E48BF9A00A07969 /* Orders.storyboard */; };
		6D7676031E48BFB800A07969 /* Profile.storyboard in Resources */ = {isa = PBXBuildFile; fileRef = 6D7676021E48BFB800A07969 /* Profile.storyboard */; };
		6D7676041E48BFB800A07969 /* Profile.storyboard in Resources */ = {isa = PBXBuildFile; fileRef = 6D7676021E48BFB800A07969 /* Profile.storyboard */; };
		6D7676061E48C12900A07969 /* DiscoverViewController.swift in Sources */ = {isa = PBXBuildFile; fileRef = 6D7676051E48C12900A07969 /* DiscoverViewController.swift */; };
		6D7676071E48C12900A07969 /* DiscoverViewController.swift in Sources */ = {isa = PBXBuildFile; fileRef = 6D7676051E48C12900A07969 /* DiscoverViewController.swift */; };
		6D95611D1E9027E800EBA49B /* LoginViewController.swift in Sources */ = {isa = PBXBuildFile; fileRef = 6D95611C1E9027E800EBA49B /* LoginViewController.swift */; };
		6D95611E1E9027E800EBA49B /* LoginViewController.swift in Sources */ = {isa = PBXBuildFile; fileRef = 6D95611C1E9027E800EBA49B /* LoginViewController.swift */; };
		6D95611F1E9027E800EBA49B /* LoginViewController.swift in Sources */ = {isa = PBXBuildFile; fileRef = 6D95611C1E9027E800EBA49B /* LoginViewController.swift */; };
		6D9561221E90280800EBA49B /* Login.storyboard in Resources */ = {isa = PBXBuildFile; fileRef = 6D9561211E90280800EBA49B /* Login.storyboard */; };
		6D9561231E90280800EBA49B /* Login.storyboard in Resources */ = {isa = PBXBuildFile; fileRef = 6D9561211E90280800EBA49B /* Login.storyboard */; };
		6D9561241E90280800EBA49B /* Login.storyboard in Resources */ = {isa = PBXBuildFile; fileRef = 6D9561211E90280800EBA49B /* Login.storyboard */; };
		6D98B8061E56006D0074B05B /* Meal.swift in Sources */ = {isa = PBXBuildFile; fileRef = 6D98B8051E56006D0074B05B /* Meal.swift */; };
		6D98B8071E56006D0074B05B /* Meal.swift in Sources */ = {isa = PBXBuildFile; fileRef = 6D98B8051E56006D0074B05B /* Meal.swift */; };
		6D98B8081E56006D0074B05B /* Meal.swift in Sources */ = {isa = PBXBuildFile; fileRef = 6D98B8051E56006D0074B05B /* Meal.swift */; };
		6D98B80A1E5600A70074B05B /* Order.swift in Sources */ = {isa = PBXBuildFile; fileRef = 6D98B8091E5600A70074B05B /* Order.swift */; };
		6D98B80B1E5600A70074B05B /* Order.swift in Sources */ = {isa = PBXBuildFile; fileRef = 6D98B8091E5600A70074B05B /* Order.swift */; };
		6D98B80C1E5600A70074B05B /* Order.swift in Sources */ = {isa = PBXBuildFile; fileRef = 6D98B8091E5600A70074B05B /* Order.swift */; };
		6D98B8141E5602DE0074B05B /* FollowingTableViewController.swift in Sources */ = {isa = PBXBuildFile; fileRef = 6D98B8131E5602DE0074B05B /* FollowingTableViewController.swift */; };
		6D98B8151E5602DE0074B05B /* FollowingTableViewController.swift in Sources */ = {isa = PBXBuildFile; fileRef = 6D98B8131E5602DE0074B05B /* FollowingTableViewController.swift */; };
		6D98B8161E5602DE0074B05B /* FollowingTableViewController.swift in Sources */ = {isa = PBXBuildFile; fileRef = 6D98B8131E5602DE0074B05B /* FollowingTableViewController.swift */; };
		6D98B8181E56031C0074B05B /* FollowingTableViewCell.swift in Sources */ = {isa = PBXBuildFile; fileRef = 6D98B8171E56031C0074B05B /* FollowingTableViewCell.swift */; };
		6D98B8191E56031C0074B05B /* FollowingTableViewCell.swift in Sources */ = {isa = PBXBuildFile; fileRef = 6D98B8171E56031C0074B05B /* FollowingTableViewCell.swift */; };
		6D98B81A1E56031C0074B05B /* FollowingTableViewCell.swift in Sources */ = {isa = PBXBuildFile; fileRef = 6D98B8171E56031C0074B05B /* FollowingTableViewCell.swift */; };
		6D98B8201E56084F0074B05B /* ChefViewController.swift in Sources */ = {isa = PBXBuildFile; fileRef = 6D98B81F1E56084F0074B05B /* ChefViewController.swift */; };
		6D98B8211E56084F0074B05B /* ChefViewController.swift in Sources */ = {isa = PBXBuildFile; fileRef = 6D98B81F1E56084F0074B05B /* ChefViewController.swift */; };
		6D98B8221E56084F0074B05B /* ChefViewController.swift in Sources */ = {isa = PBXBuildFile; fileRef = 6D98B81F1E56084F0074B05B /* ChefViewController.swift */; };
		6D98B8241E5608760074B05B /* MealDetailViewController.swift in Sources */ = {isa = PBXBuildFile; fileRef = 6D98B8231E5608760074B05B /* MealDetailViewController.swift */; };
		6D98B8251E5608760074B05B /* MealDetailViewController.swift in Sources */ = {isa = PBXBuildFile; fileRef = 6D98B8231E5608760074B05B /* MealDetailViewController.swift */; };
		6D98B8261E5608760074B05B /* MealDetailViewController.swift in Sources */ = {isa = PBXBuildFile; fileRef = 6D98B8231E5608760074B05B /* MealDetailViewController.swift */; };
		6D9D0B101E8C7FF30059AF6B /* FoldingCell.swift in Sources */ = {isa = PBXBuildFile; fileRef = 6D9D0B0F1E8C7FF30059AF6B /* FoldingCell.swift */; };
		6D9D0B111E8C7FF30059AF6B /* FoldingCell.swift in Sources */ = {isa = PBXBuildFile; fileRef = 6D9D0B0F1E8C7FF30059AF6B /* FoldingCell.swift */; };
		6D9D0B121E8C7FF30059AF6B /* FoldingCell.swift in Sources */ = {isa = PBXBuildFile; fileRef = 6D9D0B0F1E8C7FF30059AF6B /* FoldingCell.swift */; };
		6DB1C5DB1E6A146C0050A562 /* FirebaseUtil.swift in Sources */ = {isa = PBXBuildFile; fileRef = 6DB1C5DA1E6A146C0050A562 /* FirebaseUtil.swift */; };
		6DB1C5DC1E6A146C0050A562 /* FirebaseUtil.swift in Sources */ = {isa = PBXBuildFile; fileRef = 6DB1C5DA1E6A146C0050A562 /* FirebaseUtil.swift */; };
		6DB1C5DD1E6A146C0050A562 /* FirebaseUtil.swift in Sources */ = {isa = PBXBuildFile; fileRef = 6DB1C5DA1E6A146C0050A562 /* FirebaseUtil.swift */; };
		6DB1C5E01E6A157B0050A562 /* User.swift in Sources */ = {isa = PBXBuildFile; fileRef = 6DB1C5DF1E6A157B0050A562 /* User.swift */; };
		6DB1C5E11E6A157B0050A562 /* User.swift in Sources */ = {isa = PBXBuildFile; fileRef = 6DB1C5DF1E6A157B0050A562 /* User.swift */; };
		6DB1C5E21E6A157B0050A562 /* User.swift in Sources */ = {isa = PBXBuildFile; fileRef = 6DB1C5DF1E6A157B0050A562 /* User.swift */; };
		6DB1C5EC1E6A3D1E0050A562 /* Constants.swift in Sources */ = {isa = PBXBuildFile; fileRef = 6DB1C5EB1E6A3D1E0050A562 /* Constants.swift */; };
		6DB1C5ED1E6A3D1E0050A562 /* Constants.swift in Sources */ = {isa = PBXBuildFile; fileRef = 6DB1C5EB1E6A3D1E0050A562 /* Constants.swift */; };
		6DB1C5EE1E6A3D1E0050A562 /* Constants.swift in Sources */ = {isa = PBXBuildFile; fileRef = 6DB1C5EB1E6A3D1E0050A562 /* Constants.swift */; };
		6DB1C5F01E6A3D6D0050A562 /* IDGenerator.swift in Sources */ = {isa = PBXBuildFile; fileRef = 6DB1C5EF1E6A3D6D0050A562 /* IDGenerator.swift */; };
		6DB1C5F11E6A3D6D0050A562 /* IDGenerator.swift in Sources */ = {isa = PBXBuildFile; fileRef = 6DB1C5EF1E6A3D6D0050A562 /* IDGenerator.swift */; };
		6DB1C5F21E6A3D6D0050A562 /* IDGenerator.swift in Sources */ = {isa = PBXBuildFile; fileRef = 6DB1C5EF1E6A3D6D0050A562 /* IDGenerator.swift */; };
		6DD1697E1E48A524009F7690 /* AppDelegate.swift in Sources */ = {isa = PBXBuildFile; fileRef = 6DD1697D1E48A524009F7690 /* AppDelegate.swift */; };
		6DD169801E48A524009F7690 /* FirstViewController.swift in Sources */ = {isa = PBXBuildFile; fileRef = 6DD1697F1E48A524009F7690 /* FirstViewController.swift */; };
		6DD169821E48A524009F7690 /* SecondViewController.swift in Sources */ = {isa = PBXBuildFile; fileRef = 6DD169811E48A524009F7690 /* SecondViewController.swift */; };
		6DD169851E48A524009F7690 /* Main.storyboard in Resources */ = {isa = PBXBuildFile; fileRef = 6DD169831E48A524009F7690 /* Main.storyboard */; };
		6DD169871E48A524009F7690 /* Assets.xcassets in Resources */ = {isa = PBXBuildFile; fileRef = 6DD169861E48A524009F7690 /* Assets.xcassets */; };
		6DD1698A1E48A524009F7690 /* LaunchScreen.storyboard in Resources */ = {isa = PBXBuildFile; fileRef = 6DD169881E48A524009F7690 /* LaunchScreen.storyboard */; };
		6DD169951E48A524009F7690 /* SaffronTests.swift in Sources */ = {isa = PBXBuildFile; fileRef = 6DD169941E48A524009F7690 /* SaffronTests.swift */; };
		6DD169A01E48A524009F7690 /* SaffronUITests.swift in Sources */ = {isa = PBXBuildFile; fileRef = 6DD1699F1E48A524009F7690 /* SaffronUITests.swift */; };
		6DD9D2121E48AD5200547454 /* GoogleService-Info.plist in Resources */ = {isa = PBXBuildFile; fileRef = 6DD9D2111E48AD5200547454 /* GoogleService-Info.plist */; };
		6DD9D2131E48AD5200547454 /* GoogleService-Info.plist in Resources */ = {isa = PBXBuildFile; fileRef = 6DD9D2111E48AD5200547454 /* GoogleService-Info.plist */; };
		6DD9D2141E48AD5200547454 /* GoogleService-Info.plist in Resources */ = {isa = PBXBuildFile; fileRef = 6DD9D2111E48AD5200547454 /* GoogleService-Info.plist */; };
		81EBD5461AD757ACB13FAD80 /* Pods_Saffron.framework in Frameworks */ = {isa = PBXBuildFile; fileRef = B1BDB8C3E187AB6A4090D8B9 /* Pods_Saffron.framework */; };
		F26C5AEA80DE55132B2D2A20 /* Pods_SaffronUITests.framework in Frameworks */ = {isa = PBXBuildFile; fileRef = 82A4713D160197D5565CA63A /* Pods_SaffronUITests.framework */; };
/* End PBXBuildFile section */

/* Begin PBXContainerItemProxy section */
		6DD169911E48A524009F7690 /* PBXContainerItemProxy */ = {
			isa = PBXContainerItemProxy;
			containerPortal = 6DD169721E48A524009F7690 /* Project object */;
			proxyType = 1;
			remoteGlobalIDString = 6DD169791E48A524009F7690;
			remoteInfo = Saffron;
		};
		6DD1699C1E48A524009F7690 /* PBXContainerItemProxy */ = {
			isa = PBXContainerItemProxy;
			containerPortal = 6DD169721E48A524009F7690 /* Project object */;
			proxyType = 1;
			remoteGlobalIDString = 6DD169791E48A524009F7690;
			remoteInfo = Saffron;
		};
/* End PBXContainerItemProxy section */

/* Begin PBXFileReference section */
		0E5BE5B4865347B1C44DAE26 /* Pods_SaffronTests.framework */ = {isa = PBXFileReference; explicitFileType = wrapper.framework; includeInIndex = 0; path = Pods_SaffronTests.framework; sourceTree = BUILT_PRODUCTS_DIR; };
		47EDCD6D98A30C55C9D7ACFD /* Pods-SaffronTests.debug.xcconfig */ = {isa = PBXFileReference; includeInIndex = 1; lastKnownFileType = text.xcconfig; name = "Pods-SaffronTests.debug.xcconfig"; path = "Pods/Target Support Files/Pods-SaffronTests/Pods-SaffronTests.debug.xcconfig"; sourceTree = "<group>"; };
		4C9E07E03F34A97DA3ABF4F8 /* Pods-Saffron.debug.xcconfig */ = {isa = PBXFileReference; includeInIndex = 1; lastKnownFileType = text.xcconfig; name = "Pods-Saffron.debug.xcconfig"; path = "Pods/Target Support Files/Pods-Saffron/Pods-Saffron.debug.xcconfig"; sourceTree = "<group>"; };
		6D1907251E831E39000F9B8D /* PhotoTableViewCell.swift */ = {isa = PBXFileReference; fileEncoding = 4; lastKnownFileType = sourcecode.swift; path = PhotoTableViewCell.swift; sourceTree = "<group>"; };
		6D1907291E8340F0000F9B8D /* PhotoViewCell.swift */ = {isa = PBXFileReference; fileEncoding = 4; lastKnownFileType = sourcecode.swift; path = PhotoViewCell.swift; sourceTree = "<group>"; };
		6D19072D1E834569000F9B8D /* RACollectionViewCell.swift */ = {isa = PBXFileReference; fileEncoding = 4; lastKnownFileType = sourcecode.swift; path = RACollectionViewCell.swift; sourceTree = "<group>"; };
		6D25A6B11E89F4E200F12B3D /* MealTimeViewController.swift */ = {isa = PBXFileReference; fileEncoding = 4; lastKnownFileType = sourcecode.swift; path = MealTimeViewController.swift; sourceTree = "<group>"; };
		6D26CB8A1E8B46580046D35D /* UIUtils.swift */ = {isa = PBXFileReference; fileEncoding = 4; lastKnownFileType = sourcecode.swift; path = UIUtils.swift; sourceTree = "<group>"; };
		6D26CB8E1E8B4A430046D35D /* mealUtils.swift */ = {isa = PBXFileReference; fileEncoding = 4; lastKnownFileType = sourcecode.swift; path = mealUtils.swift; sourceTree = "<group>"; };
		6D26CB961E8C63080046D35D /* ValidationUtils.swift */ = {isa = PBXFileReference; fileEncoding = 4; lastKnownFileType = sourcecode.swift; path = ValidationUtils.swift; sourceTree = "<group>"; };
		6D4FE36B1E7B3B79007C9CC2 /* Montserrat-Bold.otf */ = {isa = PBXFileReference; lastKnownFileType = file; path = "Montserrat-Bold.otf"; sourceTree = "<group>"; };
		6D4FE36C1E7B3B79007C9CC2 /* Montserrat-Hairline.otf */ = {isa = PBXFileReference; lastKnownFileType = file; path = "Montserrat-Hairline.otf"; sourceTree = "<group>"; };
		6D4FE36D1E7B3B79007C9CC2 /* Montserrat-Light.otf */ = {isa = PBXFileReference; lastKnownFileType = file; path = "Montserrat-Light.otf"; sourceTree = "<group>"; };
		6D4FE36E1E7B3B79007C9CC2 /* Montserrat-Regular.otf */ = {isa = PBXFileReference; lastKnownFileType = file; path = "Montserrat-Regular.otf"; sourceTree = "<group>"; };
		6D4FE36F1E7B3B79007C9CC2 /* Montserrat-SemiBold.otf */ = {isa = PBXFileReference; lastKnownFileType = file; path = "Montserrat-SemiBold.otf"; sourceTree = "<group>"; };
		6D4FE3751E7B3D43007C9CC2 /* AddPhotosViewController.swift */ = {isa = PBXFileReference; fileEncoding = 4; lastKnownFileType = sourcecode.swift; path = AddPhotosViewController.swift; sourceTree = "<group>"; };
		6D4FE3781E7B3D6F007C9CC2 /* MealInfoViewController.swift */ = {isa = PBXFileReference; fileEncoding = 4; lastKnownFileType = sourcecode.swift; path = MealInfoViewController.swift; sourceTree = "<group>"; };
		6D7242B61E5F10A100F2473A /* CustomTabBarController.swift */ = {isa = PBXFileReference; fileEncoding = 4; lastKnownFileType = sourcecode.swift; path = CustomTabBarController.swift; sourceTree = "<group>"; };
		6D7675E71E48BB0A00A07969 /* AddMealViewController.swift */ = {isa = PBXFileReference; fileEncoding = 4; lastKnownFileType = sourcecode.swift; path = AddMealViewController.swift; sourceTree = "<group>"; };
		6D7675EE1E48BDC700A07969 /* Base */ = {isa = PBXFileReference; lastKnownFileType = file.storyboard; name = Base; path = Base.lproj/Following.storyboard; sourceTree = "<group>"; };
		6D7675F21E48BE0F00A07969 /* Base */ = {isa = PBXFileReference; lastKnownFileType = file.storyboard; name = Base; path = Base.lproj/Discover.storyboard; sourceTree = "<group>"; };
		6D7675F51E48BE5A00A07969 /* AddMeal.storyboard */ = {isa = PBXFileReference; fileEncoding = 4; lastKnownFileType = file.storyboard; path = AddMeal.storyboard; sourceTree = "<group>"; };
		6D7675F81E48BE8A00A07969 /* OrdersViewController.swift */ = {isa = PBXFileReference; fileEncoding = 4; lastKnownFileType = sourcecode.swift; path = OrdersViewController.swift; sourceTree = "<group>"; };
		6D7675FB1E48BEA500A07969 /* ProfileViewController.swift */ = {isa = PBXFileReference; fileEncoding = 4; lastKnownFileType = sourcecode.swift; path = ProfileViewController.swift; sourceTree = "<group>"; };
		6D7675FF1E48BF9A00A07969 /* Base */ = {isa = PBXFileReference; lastKnownFileType = file.storyboard; name = Base; path = Base.lproj/Orders.storyboard; sourceTree = "<group>"; };
		6D7676021E48BFB800A07969 /* Profile.storyboard */ = {isa = PBXFileReference; fileEncoding = 4; lastKnownFileType = file.storyboard; path = Profile.storyboard; sourceTree = "<group>"; };
		6D7676051E48C12900A07969 /* DiscoverViewController.swift */ = {isa = PBXFileReference; fileEncoding = 4; lastKnownFileType = sourcecode.swift; path = DiscoverViewController.swift; sourceTree = "<group>"; };
		6D95611C1E9027E800EBA49B /* LoginViewController.swift */ = {isa = PBXFileReference; fileEncoding = 4; lastKnownFileType = sourcecode.swift; path = LoginViewController.swift; sourceTree = "<group>"; };
		6D9561211E90280800EBA49B /* Login.storyboard */ = {isa = PBXFileReference; fileEncoding = 4; lastKnownFileType = file.storyboard; path = Login.storyboard; sourceTree = "<group>"; };
		6D98B8051E56006D0074B05B /* Meal.swift */ = {isa = PBXFileReference; fileEncoding = 4; lastKnownFileType = sourcecode.swift; path = Meal.swift; sourceTree = "<group>"; };
		6D98B8091E5600A70074B05B /* Order.swift */ = {isa = PBXFileReference; fileEncoding = 4; lastKnownFileType = sourcecode.swift; path = Order.swift; sourceTree = "<group>"; };
		6D98B8131E5602DE0074B05B /* FollowingTableViewController.swift */ = {isa = PBXFileReference; fileEncoding = 4; lastKnownFileType = sourcecode.swift; path = FollowingTableViewController.swift; sourceTree = "<group>"; };
		6D98B8171E56031C0074B05B /* FollowingTableViewCell.swift */ = {isa = PBXFileReference; fileEncoding = 4; lastKnownFileType = sourcecode.swift; path = FollowingTableViewCell.swift; sourceTree = "<group>"; };
		6D98B81F1E56084F0074B05B /* ChefViewController.swift */ = {isa = PBXFileReference; fileEncoding = 4; lastKnownFileType = sourcecode.swift; path = ChefViewController.swift; sourceTree = "<group>"; };
		6D98B8231E5608760074B05B /* MealDetailViewController.swift */ = {isa = PBXFileReference; fileEncoding = 4; lastKnownFileType = sourcecode.swift; path = MealDetailViewController.swift; sourceTree = "<group>"; };
		6D9D0B0F1E8C7FF30059AF6B /* FoldingCell.swift */ = {isa = PBXFileReference; fileEncoding = 4; lastKnownFileType = sourcecode.swift; path = FoldingCell.swift; sourceTree = "<group>"; };
		6DB1C5DA1E6A146C0050A562 /* FirebaseUtil.swift */ = {isa = PBXFileReference; fileEncoding = 4; lastKnownFileType = sourcecode.swift; path = FirebaseUtil.swift; sourceTree = "<group>"; };
		6DB1C5DF1E6A157B0050A562 /* User.swift */ = {isa = PBXFileReference; fileEncoding = 4; lastKnownFileType = sourcecode.swift; path = User.swift; sourceTree = "<group>"; };
		6DB1C5EB1E6A3D1E0050A562 /* Constants.swift */ = {isa = PBXFileReference; fileEncoding = 4; lastKnownFileType = sourcecode.swift; path = Constants.swift; sourceTree = "<group>"; };
		6DB1C5EF1E6A3D6D0050A562 /* IDGenerator.swift */ = {isa = PBXFileReference; fileEncoding = 4; lastKnownFileType = sourcecode.swift; path = IDGenerator.swift; sourceTree = "<group>"; };
		6DD1697A1E48A524009F7690 /* Saffron.app */ = {isa = PBXFileReference; explicitFileType = wrapper.application; includeInIndex = 0; path = Saffron.app; sourceTree = BUILT_PRODUCTS_DIR; };
		6DD1697D1E48A524009F7690 /* AppDelegate.swift */ = {isa = PBXFileReference; lastKnownFileType = sourcecode.swift; path = AppDelegate.swift; sourceTree = "<group>"; };
		6DD1697F1E48A524009F7690 /* FirstViewController.swift */ = {isa = PBXFileReference; lastKnownFileType = sourcecode.swift; path = FirstViewController.swift; sourceTree = "<group>"; };
		6DD169811E48A524009F7690 /* SecondViewController.swift */ = {isa = PBXFileReference; lastKnownFileType = sourcecode.swift; path = SecondViewController.swift; sourceTree = "<group>"; };
		6DD169841E48A524009F7690 /* Base */ = {isa = PBXFileReference; lastKnownFileType = file.storyboard; name = Base; path = Base.lproj/Main.storyboard; sourceTree = "<group>"; };
		6DD169861E48A524009F7690 /* Assets.xcassets */ = {isa = PBXFileReference; lastKnownFileType = folder.assetcatalog; path = Assets.xcassets; sourceTree = "<group>"; };
		6DD169891E48A524009F7690 /* Base */ = {isa = PBXFileReference; lastKnownFileType = file.storyboard; name = Base; path = Base.lproj/LaunchScreen.storyboard; sourceTree = "<group>"; };
		6DD1698B1E48A524009F7690 /* Info.plist */ = {isa = PBXFileReference; lastKnownFileType = text.plist.xml; path = Info.plist; sourceTree = "<group>"; };
		6DD169901E48A524009F7690 /* SaffronTests.xctest */ = {isa = PBXFileReference; explicitFileType = wrapper.cfbundle; includeInIndex = 0; path = SaffronTests.xctest; sourceTree = BUILT_PRODUCTS_DIR; };
		6DD169941E48A524009F7690 /* SaffronTests.swift */ = {isa = PBXFileReference; lastKnownFileType = sourcecode.swift; path = SaffronTests.swift; sourceTree = "<group>"; };
		6DD169961E48A524009F7690 /* Info.plist */ = {isa = PBXFileReference; lastKnownFileType = text.plist.xml; path = Info.plist; sourceTree = "<group>"; };
		6DD1699B1E48A524009F7690 /* SaffronUITests.xctest */ = {isa = PBXFileReference; explicitFileType = wrapper.cfbundle; includeInIndex = 0; path = SaffronUITests.xctest; sourceTree = BUILT_PRODUCTS_DIR; };
		6DD1699F1E48A524009F7690 /* SaffronUITests.swift */ = {isa = PBXFileReference; lastKnownFileType = sourcecode.swift; path = SaffronUITests.swift; sourceTree = "<group>"; };
		6DD169A11E48A524009F7690 /* Info.plist */ = {isa = PBXFileReference; lastKnownFileType = text.plist.xml; path = Info.plist; sourceTree = "<group>"; };
		6DD9D2111E48AD5200547454 /* GoogleService-Info.plist */ = {isa = PBXFileReference; fileEncoding = 4; lastKnownFileType = text.plist.xml; path = "GoogleService-Info.plist"; sourceTree = "<group>"; };
		7DBE5406C2FCEDE90D053318 /* Pods-SaffronTests.release.xcconfig */ = {isa = PBXFileReference; includeInIndex = 1; lastKnownFileType = text.xcconfig; name = "Pods-SaffronTests.release.xcconfig"; path = "Pods/Target Support Files/Pods-SaffronTests/Pods-SaffronTests.release.xcconfig"; sourceTree = "<group>"; };
		82A4713D160197D5565CA63A /* Pods_SaffronUITests.framework */ = {isa = PBXFileReference; explicitFileType = wrapper.framework; includeInIndex = 0; path = Pods_SaffronUITests.framework; sourceTree = BUILT_PRODUCTS_DIR; };
		9AF74B50DDFB6B5BBDCBE3F8 /* Pods-SaffronUITests.debug.xcconfig */ = {isa = PBXFileReference; includeInIndex = 1; lastKnownFileType = text.xcconfig; name = "Pods-SaffronUITests.debug.xcconfig"; path = "Pods/Target Support Files/Pods-SaffronUITests/Pods-SaffronUITests.debug.xcconfig"; sourceTree = "<group>"; };
		A4D4DBFF27664DE8E6771AE1 /* Pods-SaffronUITests.release.xcconfig */ = {isa = PBXFileReference; includeInIndex = 1; lastKnownFileType = text.xcconfig; name = "Pods-SaffronUITests.release.xcconfig"; path = "Pods/Target Support Files/Pods-SaffronUITests/Pods-SaffronUITests.release.xcconfig"; sourceTree = "<group>"; };
		B1BDB8C3E187AB6A4090D8B9 /* Pods_Saffron.framework */ = {isa = PBXFileReference; explicitFileType = wrapper.framework; includeInIndex = 0; path = Pods_Saffron.framework; sourceTree = BUILT_PRODUCTS_DIR; };
		B41FB3AE94D251296A580280 /* Pods-Saffron.release.xcconfig */ = {isa = PBXFileReference; includeInIndex = 1; lastKnownFileType = text.xcconfig; name = "Pods-Saffron.release.xcconfig"; path = "Pods/Target Support Files/Pods-Saffron/Pods-Saffron.release.xcconfig"; sourceTree = "<group>"; };
/* End PBXFileReference section */

/* Begin PBXFrameworksBuildPhase section */
		6DD169771E48A524009F7690 /* Frameworks */ = {
			isa = PBXFrameworksBuildPhase;
			buildActionMask = 2147483647;
			files = (
				81EBD5461AD757ACB13FAD80 /* Pods_Saffron.framework in Frameworks */,
			);
			runOnlyForDeploymentPostprocessing = 0;
		};
		6DD1698D1E48A524009F7690 /* Frameworks */ = {
			isa = PBXFrameworksBuildPhase;
			buildActionMask = 2147483647;
			files = (
				3EC35AA504CB57B7FEF500E6 /* Pods_SaffronTests.framework in Frameworks */,
			);
			runOnlyForDeploymentPostprocessing = 0;
		};
		6DD169981E48A524009F7690 /* Frameworks */ = {
			isa = PBXFrameworksBuildPhase;
			buildActionMask = 2147483647;
			files = (
				F26C5AEA80DE55132B2D2A20 /* Pods_SaffronUITests.framework in Frameworks */,
			);
			runOnlyForDeploymentPostprocessing = 0;
		};
/* End PBXFrameworksBuildPhase section */

/* Begin PBXGroup section */
		0D06B6DBBBD0F48552C99FA8 /* Pods */ = {
			isa = PBXGroup;
			children = (
				4C9E07E03F34A97DA3ABF4F8 /* Pods-Saffron.debug.xcconfig */,
				B41FB3AE94D251296A580280 /* Pods-Saffron.release.xcconfig */,
				47EDCD6D98A30C55C9D7ACFD /* Pods-SaffronTests.debug.xcconfig */,
				7DBE5406C2FCEDE90D053318 /* Pods-SaffronTests.release.xcconfig */,
				9AF74B50DDFB6B5BBDCBE3F8 /* Pods-SaffronUITests.debug.xcconfig */,
				A4D4DBFF27664DE8E6771AE1 /* Pods-SaffronUITests.release.xcconfig */,
			);
			name = Pods;
			sourceTree = "<group>";
		};
		6D9561201E9027EE00EBA49B /* Login */ = {
			isa = PBXGroup;
			children = (
				6D95611C1E9027E800EBA49B /* LoginViewController.swift */,
				6D9561211E90280800EBA49B /* Login.storyboard */,
			);
			name = Login;
			sourceTree = "<group>";
		};
		6D98B80D1E5600DB0074B05B /* Discover */ = {
			isa = PBXGroup;
			children = (
				6D7675F11E48BE0F00A07969 /* Discover.storyboard */,
				6D7676051E48C12900A07969 /* DiscoverViewController.swift */,
			);
			name = Discover;
			sourceTree = "<group>";
		};
		6D98B80E1E5601070074B05B /* Models */ = {
			isa = PBXGroup;
			children = (
				6D98B8051E56006D0074B05B /* Meal.swift */,
				6DB1C5DF1E6A157B0050A562 /* User.swift */,
				6D98B8091E5600A70074B05B /* Order.swift */,
			);
			name = Models;
			sourceTree = "<group>";
		};
		6D98B80F1E56011F0074B05B /* Following */ = {
			isa = PBXGroup;
			children = (
				6D9D0B0F1E8C7FF30059AF6B /* FoldingCell.swift */,
				6D98B8231E5608760074B05B /* MealDetailViewController.swift */,
				6D7675ED1E48BDC700A07969 /* Following.storyboard */,
				6D98B8171E56031C0074B05B /* FollowingTableViewCell.swift */,
				6D98B81F1E56084F0074B05B /* ChefViewController.swift */,
				6D98B8131E5602DE0074B05B /* FollowingTableViewController.swift */,
			);
			name = Following;
			sourceTree = "<group>";
		};
		6D98B8101E56013C0074B05B /* Profile */ = {
			isa = PBXGroup;
			children = (
				6D7675FB1E48BEA500A07969 /* ProfileViewController.swift */,
				6D7676021E48BFB800A07969 /* Profile.storyboard */,
			);
			name = Profile;
			sourceTree = "<group>";
		};
		6D98B8111E5601510074B05B /* Orders */ = {
			isa = PBXGroup;
			children = (
				6D7675F81E48BE8A00A07969 /* OrdersViewController.swift */,
				6D7675FE1E48BF9A00A07969 /* Orders.storyboard */,
			);
			name = Orders;
			sourceTree = "<group>";
		};
		6D98B8121E56019A0074B05B /* Add Meal */ = {
			isa = PBXGroup;
			children = (
				6D7675F51E48BE5A00A07969 /* AddMeal.storyboard */,
				6D4FE3751E7B3D43007C9CC2 /* AddPhotosViewController.swift */,
				6D1907251E831E39000F9B8D /* PhotoTableViewCell.swift */,
				6D4FE3781E7B3D6F007C9CC2 /* MealInfoViewController.swift */,
				6D25A6B11E89F4E200F12B3D /* MealTimeViewController.swift */,
				6D1907291E8340F0000F9B8D /* PhotoViewCell.swift */,
				6D19072D1E834569000F9B8D /* RACollectionViewCell.swift */,
				6D7675E71E48BB0A00A07969 /* AddMealViewController.swift */,
			);
			name = "Add Meal";
			sourceTree = "<group>";
		};
		6DB1C5DE1E6A14720050A562 /* Utils */ = {
			isa = PBXGroup;
			children = (
				6D26CB961E8C63080046D35D /* ValidationUtils.swift */,
				6D26CB8A1E8B46580046D35D /* UIUtils.swift */,
				6DB1C5DA1E6A146C0050A562 /* FirebaseUtil.swift */,
				6DB1C5EF1E6A3D6D0050A562 /* IDGenerator.swift */,
				6D26CB8E1E8B4A430046D35D /* mealUtils.swift */,
				6DB1C5EB1E6A3D1E0050A562 /* Constants.swift */,
			);
			name = Utils;
			sourceTree = "<group>";
		};
		6DD169711E48A524009F7690 = {
			isa = PBXGroup;
			children = (
				6D4FE36B1E7B3B79007C9CC2 /* Montserrat-Bold.otf */,
				6D4FE36C1E7B3B79007C9CC2 /* Montserrat-Hairline.otf */,
				6D4FE36D1E7B3B79007C9CC2 /* Montserrat-Light.otf */,
				6D4FE36E1E7B3B79007C9CC2 /* Montserrat-Regular.otf */,
				6D4FE36F1E7B3B79007C9CC2 /* Montserrat-SemiBold.otf */,
				6DD9D2111E48AD5200547454 /* GoogleService-Info.plist */,
				6DD1697C1E48A524009F7690 /* Saffron */,
				6DD169931E48A524009F7690 /* SaffronTests */,
				6DD1699E1E48A524009F7690 /* SaffronUITests */,
				6DD1697B1E48A524009F7690 /* Products */,
				0D06B6DBBBD0F48552C99FA8 /* Pods */,
				73FC358A5D88DBDBA4D438F7 /* Frameworks */,
			);
			sourceTree = "<group>";
		};
		6DD1697B1E48A524009F7690 /* Products */ = {
			isa = PBXGroup;
			children = (
				6DD1697A1E48A524009F7690 /* Saffron.app */,
				6DD169901E48A524009F7690 /* SaffronTests.xctest */,
				6DD1699B1E48A524009F7690 /* SaffronUITests.xctest */,
			);
			name = Products;
			sourceTree = "<group>";
		};
		6DD1697C1E48A524009F7690 /* Saffron */ = {
			isa = PBXGroup;
			children = (
				6DD1697D1E48A524009F7690 /* AppDelegate.swift */,
				6DD1697F1E48A524009F7690 /* FirstViewController.swift */,
				6DD169811E48A524009F7690 /* SecondViewController.swift */,
				6DB1C5DE1E6A14720050A562 /* Utils */,
				6D9561201E9027EE00EBA49B /* Login */,
				6D98B80D1E5600DB0074B05B /* Discover */,
				6D98B80F1E56011F0074B05B /* Following */,
				6D98B8121E56019A0074B05B /* Add Meal */,
				6D98B8111E5601510074B05B /* Orders */,
				6D98B8101E56013C0074B05B /* Profile */,
				6D98B80E1E5601070074B05B /* Models */,
				6DD169831E48A524009F7690 /* Main.storyboard */,
				6D7242B61E5F10A100F2473A /* CustomTabBarController.swift */,
				6DD169861E48A524009F7690 /* Assets.xcassets */,
				6DD169881E48A524009F7690 /* LaunchScreen.storyboard */,
				6DD1698B1E48A524009F7690 /* Info.plist */,
			);
			path = Saffron;
			sourceTree = "<group>";
		};
		6DD169931E48A524009F7690 /* SaffronTests */ = {
			isa = PBXGroup;
			children = (
				6DD169941E48A524009F7690 /* SaffronTests.swift */,
				6DD169961E48A524009F7690 /* Info.plist */,
			);
			path = SaffronTests;
			sourceTree = "<group>";
		};
		6DD1699E1E48A524009F7690 /* SaffronUITests */ = {
			isa = PBXGroup;
			children = (
				6DD1699F1E48A524009F7690 /* SaffronUITests.swift */,
				6DD169A11E48A524009F7690 /* Info.plist */,
			);
			path = SaffronUITests;
			sourceTree = "<group>";
		};
		73FC358A5D88DBDBA4D438F7 /* Frameworks */ = {
			isa = PBXGroup;
			children = (
				B1BDB8C3E187AB6A4090D8B9 /* Pods_Saffron.framework */,
				0E5BE5B4865347B1C44DAE26 /* Pods_SaffronTests.framework */,
				82A4713D160197D5565CA63A /* Pods_SaffronUITests.framework */,
			);
			name = Frameworks;
			sourceTree = "<group>";
		};
/* End PBXGroup section */

/* Begin PBXNativeTarget section */
		6DD169791E48A524009F7690 /* Saffron */ = {
			isa = PBXNativeTarget;
			buildConfigurationList = 6DD169A41E48A524009F7690 /* Build configuration list for PBXNativeTarget "Saffron" */;
			buildPhases = (
				5C19432A57A212230EC2C434 /* [CP] Check Pods Manifest.lock */,
				6DD169761E48A524009F7690 /* Sources */,
				6DD169771E48A524009F7690 /* Frameworks */,
				6DD169781E48A524009F7690 /* Resources */,
				7FA0FE3EDA627D3AC8DFEFD4 /* [CP] Embed Pods Frameworks */,
				43040BE4E713610B112986B1 /* [CP] Copy Pods Resources */,
			);
			buildRules = (
			);
			dependencies = (
			);
			name = Saffron;
			productName = Saffron;
			productReference = 6DD1697A1E48A524009F7690 /* Saffron.app */;
			productType = "com.apple.product-type.application";
		};
		6DD1698F1E48A524009F7690 /* SaffronTests */ = {
			isa = PBXNativeTarget;
			buildConfigurationList = 6DD169A71E48A524009F7690 /* Build configuration list for PBXNativeTarget "SaffronTests" */;
			buildPhases = (
				5F242964BA865F099B09EF35 /* [CP] Check Pods Manifest.lock */,
				6DD1698C1E48A524009F7690 /* Sources */,
				6DD1698D1E48A524009F7690 /* Frameworks */,
				6DD1698E1E48A524009F7690 /* Resources */,
				9CE5C934ECC10A52D1409EDC /* [CP] Embed Pods Frameworks */,
				21D8DD064F272E9DB61B823B /* [CP] Copy Pods Resources */,
			);
			buildRules = (
			);
			dependencies = (
				6DD169921E48A524009F7690 /* PBXTargetDependency */,
			);
			name = SaffronTests;
			productName = SaffronTests;
			productReference = 6DD169901E48A524009F7690 /* SaffronTests.xctest */;
			productType = "com.apple.product-type.bundle.unit-test";
		};
		6DD1699A1E48A524009F7690 /* SaffronUITests */ = {
			isa = PBXNativeTarget;
			buildConfigurationList = 6DD169AA1E48A524009F7690 /* Build configuration list for PBXNativeTarget "SaffronUITests" */;
			buildPhases = (
				8357BA61CAE1CBBAEBE76D2D /* [CP] Check Pods Manifest.lock */,
				6DD169971E48A524009F7690 /* Sources */,
				6DD169981E48A524009F7690 /* Frameworks */,
				6DD169991E48A524009F7690 /* Resources */,
				22E302F81626FDBAFBDE75F7 /* [CP] Copy Pods Resources */,
				66C15B42423681C11AA983FE /* [CP] Embed Pods Frameworks */,
			);
			buildRules = (
			);
			dependencies = (
				6DD1699D1E48A524009F7690 /* PBXTargetDependency */,
			);
			name = SaffronUITests;
			productName = SaffronUITests;
			productReference = 6DD1699B1E48A524009F7690 /* SaffronUITests.xctest */;
			productType = "com.apple.product-type.bundle.ui-testing";
		};
/* End PBXNativeTarget section */

/* Begin PBXProject section */
		6DD169721E48A524009F7690 /* Project object */ = {
			isa = PBXProject;
			attributes = {
				LastSwiftUpdateCheck = 0820;
				LastUpgradeCheck = 0820;
				ORGANIZATIONNAME = "Erica Solum";
				TargetAttributes = {
					6DD169791E48A524009F7690 = {
						CreatedOnToolsVersion = 8.2.1;
						DevelopmentTeam = L9NRV34LQC;
						LastSwiftMigration = 0820;
						ProvisioningStyle = Automatic;
					};
					6DD1698F1E48A524009F7690 = {
						CreatedOnToolsVersion = 8.2.1;
						LastSwiftMigration = 0820;
						ProvisioningStyle = Automatic;
						TestTargetID = 6DD169791E48A524009F7690;
					};
					6DD1699A1E48A524009F7690 = {
						CreatedOnToolsVersion = 8.2.1;
						LastSwiftMigration = 0820;
						ProvisioningStyle = Automatic;
						TestTargetID = 6DD169791E48A524009F7690;
					};
				};
			};
			buildConfigurationList = 6DD169751E48A524009F7690 /* Build configuration list for PBXProject "Saffron" */;
			compatibilityVersion = "Xcode 3.2";
			developmentRegion = English;
			hasScannedForEncodings = 0;
			knownRegions = (
				en,
				Base,
			);
			mainGroup = 6DD169711E48A524009F7690;
			productRefGroup = 6DD1697B1E48A524009F7690 /* Products */;
			projectDirPath = "";
			projectRoot = "";
			targets = (
				6DD169791E48A524009F7690 /* Saffron */,
				6DD1698F1E48A524009F7690 /* SaffronTests */,
				6DD1699A1E48A524009F7690 /* SaffronUITests */,
			);
		};
/* End PBXProject section */

/* Begin PBXResourcesBuildPhase section */
		6DD169781E48A524009F7690 /* Resources */ = {
			isa = PBXResourcesBuildPhase;
			buildActionMask = 2147483647;
			files = (
				6DD1698A1E48A524009F7690 /* LaunchScreen.storyboard in Resources */,
				6D4FE3741E7B3B79007C9CC2 /* Montserrat-SemiBold.otf in Resources */,
				6D4FE3711E7B3B79007C9CC2 /* Montserrat-Hairline.otf in Resources */,
				6D7675EF1E48BDC700A07969 /* Following.storyboard in Resources */,
				6D7675F61E48BE5A00A07969 /* AddMeal.storyboard in Resources */,
				6DD9D2121E48AD5200547454 /* GoogleService-Info.plist in Resources */,
				6D4FE3731E7B3B79007C9CC2 /* Montserrat-Regular.otf in Resources */,
				6DD169871E48A524009F7690 /* Assets.xcassets in Resources */,
				6D9561221E90280800EBA49B /* Login.storyboard in Resources */,
				6D4FE3701E7B3B79007C9CC2 /* Montserrat-Bold.otf in Resources */,
				6DD169851E48A524009F7690 /* Main.storyboard in Resources */,
				6D7676031E48BFB800A07969 /* Profile.storyboard in Resources */,
				6D7675F31E48BE0F00A07969 /* Discover.storyboard in Resources */,
				6D7676001E48BF9A00A07969 /* Orders.storyboard in Resources */,
				6D4FE3721E7B3B79007C9CC2 /* Montserrat-Light.otf in Resources */,
			);
			runOnlyForDeploymentPostprocessing = 0;
		};
		6DD1698E1E48A524009F7690 /* Resources */ = {
			isa = PBXResourcesBuildPhase;
			buildActionMask = 2147483647;
			files = (
				6D9561231E90280800EBA49B /* Login.storyboard in Resources */,
				6DD9D2131E48AD5200547454 /* GoogleService-Info.plist in Resources */,
			);
			runOnlyForDeploymentPostprocessing = 0;
		};
		6DD169991E48A524009F7690 /* Resources */ = {
			isa = PBXResourcesBuildPhase;
			buildActionMask = 2147483647;
			files = (
				6D7676041E48BFB800A07969 /* Profile.storyboard in Resources */,
				6DD9D2141E48AD5200547454 /* GoogleService-Info.plist in Resources */,
				6D9561241E90280800EBA49B /* Login.storyboard in Resources */,
				6D7675F71E48BE5A00A07969 /* AddMeal.storyboard in Resources */,
				6D7676011E48BF9A00A07969 /* Orders.storyboard in Resources */,
				6D7675F01E48BDC700A07969 /* Following.storyboard in Resources */,
				6D7675F41E48BE0F00A07969 /* Discover.storyboard in Resources */,
			);
			runOnlyForDeploymentPostprocessing = 0;
		};
/* End PBXResourcesBuildPhase section */

/* Begin PBXShellScriptBuildPhase section */
		21D8DD064F272E9DB61B823B /* [CP] Copy Pods Resources */ = {
			isa = PBXShellScriptBuildPhase;
			buildActionMask = 2147483647;
			files = (
			);
			inputPaths = (
			);
			name = "[CP] Copy Pods Resources";
			outputPaths = (
			);
			runOnlyForDeploymentPostprocessing = 0;
			shellPath = /bin/sh;
			shellScript = "\"${SRCROOT}/Pods/Target Support Files/Pods-SaffronTests/Pods-SaffronTests-resources.sh\"\n";
			showEnvVarsInLog = 0;
		};
		22E302F81626FDBAFBDE75F7 /* [CP] Copy Pods Resources */ = {
			isa = PBXShellScriptBuildPhase;
			buildActionMask = 2147483647;
			files = (
			);
			inputPaths = (
			);
			name = "[CP] Copy Pods Resources";
			outputPaths = (
			);
			runOnlyForDeploymentPostprocessing = 0;
			shellPath = /bin/sh;
			shellScript = "\"${SRCROOT}/Pods/Target Support Files/Pods-SaffronUITests/Pods-SaffronUITests-resources.sh\"\n";
			showEnvVarsInLog = 0;
		};
		43040BE4E713610B112986B1 /* [CP] Copy Pods Resources */ = {
			isa = PBXShellScriptBuildPhase;
			buildActionMask = 2147483647;
			files = (
			);
			inputPaths = (
			);
			name = "[CP] Copy Pods Resources";
			outputPaths = (
			);
			runOnlyForDeploymentPostprocessing = 0;
			shellPath = /bin/sh;
			shellScript = "\"${SRCROOT}/Pods/Target Support Files/Pods-Saffron/Pods-Saffron-resources.sh\"\n";
			showEnvVarsInLog = 0;
		};
		5C19432A57A212230EC2C434 /* [CP] Check Pods Manifest.lock */ = {
			isa = PBXShellScriptBuildPhase;
			buildActionMask = 2147483647;
			files = (
			);
			inputPaths = (
			);
			name = "[CP] Check Pods Manifest.lock";
			outputPaths = (
			);
			runOnlyForDeploymentPostprocessing = 0;
			shellPath = /bin/sh;
			shellScript = "diff \"${PODS_ROOT}/../Podfile.lock\" \"${PODS_ROOT}/Manifest.lock\" > /dev/null\nif [ $? != 0 ] ; then\n    # print error to STDERR\n    echo \"error: The sandbox is not in sync with the Podfile.lock. Run 'pod install' or update your CocoaPods installation.\" >&2\n    exit 1\nfi\n";
			showEnvVarsInLog = 0;
		};
		5F242964BA865F099B09EF35 /* [CP] Check Pods Manifest.lock */ = {
			isa = PBXShellScriptBuildPhase;
			buildActionMask = 2147483647;
			files = (
			);
			inputPaths = (
			);
			name = "[CP] Check Pods Manifest.lock";
			outputPaths = (
			);
			runOnlyForDeploymentPostprocessing = 0;
			shellPath = /bin/sh;
			shellScript = "diff \"${PODS_ROOT}/../Podfile.lock\" \"${PODS_ROOT}/Manifest.lock\" > /dev/null\nif [ $? != 0 ] ; then\n    # print error to STDERR\n    echo \"error: The sandbox is not in sync with the Podfile.lock. Run 'pod install' or update your CocoaPods installation.\" >&2\n    exit 1\nfi\n";
			showEnvVarsInLog = 0;
		};
		66C15B42423681C11AA983FE /* [CP] Embed Pods Frameworks */ = {
			isa = PBXShellScriptBuildPhase;
			buildActionMask = 2147483647;
			files = (
			);
			inputPaths = (
			);
			name = "[CP] Embed Pods Frameworks";
			outputPaths = (
			);
			runOnlyForDeploymentPostprocessing = 0;
			shellPath = /bin/sh;
			shellScript = "\"${SRCROOT}/Pods/Target Support Files/Pods-SaffronUITests/Pods-SaffronUITests-frameworks.sh\"\n";
			showEnvVarsInLog = 0;
		};
		7FA0FE3EDA627D3AC8DFEFD4 /* [CP] Embed Pods Frameworks */ = {
			isa = PBXShellScriptBuildPhase;
			buildActionMask = 2147483647;
			files = (
			);
			inputPaths = (
			);
			name = "[CP] Embed Pods Frameworks";
			outputPaths = (
			);
			runOnlyForDeploymentPostprocessing = 0;
			shellPath = /bin/sh;
			shellScript = "\"${SRCROOT}/Pods/Target Support Files/Pods-Saffron/Pods-Saffron-frameworks.sh\"\n";
			showEnvVarsInLog = 0;
		};
		8357BA61CAE1CBBAEBE76D2D /* [CP] Check Pods Manifest.lock */ = {
			isa = PBXShellScriptBuildPhase;
			buildActionMask = 2147483647;
			files = (
			);
			inputPaths = (
			);
			name = "[CP] Check Pods Manifest.lock";
			outputPaths = (
			);
			runOnlyForDeploymentPostprocessing = 0;
			shellPath = /bin/sh;
			shellScript = "diff \"${PODS_ROOT}/../Podfile.lock\" \"${PODS_ROOT}/Manifest.lock\" > /dev/null\nif [ $? != 0 ] ; then\n    # print error to STDERR\n    echo \"error: The sandbox is not in sync with the Podfile.lock. Run 'pod install' or update your CocoaPods installation.\" >&2\n    exit 1\nfi\n";
			showEnvVarsInLog = 0;
		};
		9CE5C934ECC10A52D1409EDC /* [CP] Embed Pods Frameworks */ = {
			isa = PBXShellScriptBuildPhase;
			buildActionMask = 2147483647;
			files = (
			);
			inputPaths = (
			);
			name = "[CP] Embed Pods Frameworks";
			outputPaths = (
			);
			runOnlyForDeploymentPostprocessing = 0;
			shellPath = /bin/sh;
			shellScript = "\"${SRCROOT}/Pods/Target Support Files/Pods-SaffronTests/Pods-SaffronTests-frameworks.sh\"\n";
			showEnvVarsInLog = 0;
		};
/* End PBXShellScriptBuildPhase section */

/* Begin PBXSourcesBuildPhase section */
		6DD169761E48A524009F7690 /* Sources */ = {
			isa = PBXSourcesBuildPhase;
			buildActionMask = 2147483647;
			files = (
				6D7675FC1E48BEA500A07969 /* ProfileViewController.swift in Sources */,
				6D4FE3761E7B3D43007C9CC2 /* AddPhotosViewController.swift in Sources */,
				6D1907261E831E39000F9B8D /* PhotoTableViewCell.swift in Sources */,
				6DB1C5EC1E6A3D1E0050A562 /* Constants.swift in Sources */,
				6DB1C5DB1E6A146C0050A562 /* FirebaseUtil.swift in Sources */,
				6D95611D1E9027E800EBA49B /* LoginViewController.swift in Sources */,
				6D98B8201E56084F0074B05B /* ChefViewController.swift in Sources */,
				6D26CB971E8C63080046D35D /* ValidationUtils.swift in Sources */,
				6D26CB8B1E8B46580046D35D /* UIUtils.swift in Sources */,
				6D7675F91E48BE8A00A07969 /* OrdersViewController.swift in Sources */,
				6DB1C5E01E6A157B0050A562 /* User.swift in Sources */,
				6DB1C5F01E6A3D6D0050A562 /* IDGenerator.swift in Sources */,
				6D7676061E48C12900A07969 /* DiscoverViewController.swift in Sources */,
				6D19072A1E8340F0000F9B8D /* PhotoViewCell.swift in Sources */,
				6D98B8181E56031C0074B05B /* FollowingTableViewCell.swift in Sources */,
				6D98B80A1E5600A70074B05B /* Order.swift in Sources */,
				6D19072E1E834569000F9B8D /* RACollectionViewCell.swift in Sources */,
				6DD169821E48A524009F7690 /* SecondViewController.swift in Sources */,
				6D98B8241E5608760074B05B /* MealDetailViewController.swift in Sources */,
				6D26CB8F1E8B4A430046D35D /* mealUtils.swift in Sources */,
				6D4FE3791E7B3D6F007C9CC2 /* MealInfoViewController.swift in Sources */,
				6D7242B71E5F10A100F2473A /* CustomTabBarController.swift in Sources */,
				6D7675E81E48BB0A00A07969 /* AddMealViewController.swift in Sources */,
				6DD1697E1E48A524009F7690 /* AppDelegate.swift in Sources */,
				6D98B8061E56006D0074B05B /* Meal.swift in Sources */,
				6D98B8141E5602DE0074B05B /* FollowingTableViewController.swift in Sources */,
				6D9D0B101E8C7FF30059AF6B /* FoldingCell.swift in Sources */,
				6D25A6B21E89F4E200F12B3D /* MealTimeViewController.swift in Sources */,
				6DD169801E48A524009F7690 /* FirstViewController.swift in Sources */,
			);
			runOnlyForDeploymentPostprocessing = 0;
		};
		6DD1698C1E48A524009F7690 /* Sources */ = {
			isa = PBXSourcesBuildPhase;
			buildActionMask = 2147483647;
			files = (
				6D95611E1E9027E800EBA49B /* LoginViewController.swift in Sources */,
				6D26CB8C1E8B46580046D35D /* UIUtils.swift in Sources */,
				6DB1C5F11E6A3D6D0050A562 /* IDGenerator.swift in Sources */,
				6D25A6B31E89F4E200F12B3D /* MealTimeViewController.swift in Sources */,
				6D98B80B1E5600A70074B05B /* Order.swift in Sources */,
				6D19072B1E8340F0000F9B8D /* PhotoViewCell.swift in Sources */,
				6D26CB901E8B4A430046D35D /* mealUtils.swift in Sources */,
				6DB1C5ED1E6A3D1E0050A562 /* Constants.swift in Sources */,
				6D9D0B111E8C7FF30059AF6B /* FoldingCell.swift in Sources */,
				6DB1C5DC1E6A146C0050A562 /* FirebaseUtil.swift in Sources */,
				6D1907271E831E39000F9B8D /* PhotoTableViewCell.swift in Sources */,
				6D98B8191E56031C0074B05B /* FollowingTableViewCell.swift in Sources */,
				6D7242B81E5F10A100F2473A /* CustomTabBarController.swift in Sources */,
				6D19072F1E834569000F9B8D /* RACollectionViewCell.swift in Sources */,
				6D98B8151E5602DE0074B05B /* FollowingTableViewController.swift in Sources */,
				6D26CB981E8C63080046D35D /* ValidationUtils.swift in Sources */,
				6D98B8211E56084F0074B05B /* ChefViewController.swift in Sources */,
				6DD169951E48A524009F7690 /* SaffronTests.swift in Sources */,
				6D98B8251E5608760074B05B /* MealDetailViewController.swift in Sources */,
				6DB1C5E11E6A157B0050A562 /* User.swift in Sources */,
				6D98B8071E56006D0074B05B /* Meal.swift in Sources */,
			);
			runOnlyForDeploymentPostprocessing = 0;
		};
		6DD169971E48A524009F7690 /* Sources */ = {
			isa = PBXSourcesBuildPhase;
			buildActionMask = 2147483647;
			files = (
				6D95611F1E9027E800EBA49B /* LoginViewController.swift in Sources */,
				6DB1C5F21E6A3D6D0050A562 /* IDGenerator.swift in Sources */,
				6DD169A01E48A524009F7690 /* SaffronUITests.swift in Sources */,
				6D98B81A1E56031C0074B05B /* FollowingTableViewCell.swift in Sources */,
				6D4FE37A1E7B3D6F007C9CC2 /* MealInfoViewController.swift in Sources */,
				6DB1C5DD1E6A146C0050A562 /* FirebaseUtil.swift in Sources */,
				6D26CB8D1E8B46580046D35D /* UIUtils.swift in Sources */,
				6D7242B91E5F10A100F2473A /* CustomTabBarController.swift in Sources */,
				6D7675FA1E48BE8A00A07969 /* OrdersViewController.swift in Sources */,
				6DB1C5EE1E6A3D1E0050A562 /* Constants.swift in Sources */,
				6D98B8161E5602DE0074B05B /* FollowingTableViewController.swift in Sources */,
				6DB1C5E21E6A157B0050A562 /* User.swift in Sources */,
				6D98B8221E56084F0074B05B /* ChefViewController.swift in Sources */,
				6D1907301E834569000F9B8D /* RACollectionViewCell.swift in Sources */,
				6D98B8261E5608760074B05B /* MealDetailViewController.swift in Sources */,
				6D98B80C1E5600A70074B05B /* Order.swift in Sources */,
				6D1907281E831E39000F9B8D /* PhotoTableViewCell.swift in Sources */,
				6D7675FD1E48BEA500A07969 /* ProfileViewController.swift in Sources */,
				6D4FE3771E7B3D43007C9CC2 /* AddPhotosViewController.swift in Sources */,
				6D7675E91E48BB0A00A07969 /* AddMealViewController.swift in Sources */,
				6D98B8081E56006D0074B05B /* Meal.swift in Sources */,
				6D25A6B41E89F4E200F12B3D /* MealTimeViewController.swift in Sources */,
				6D26CB991E8C63080046D35D /* ValidationUtils.swift in Sources */,
				6D9D0B121E8C7FF30059AF6B /* FoldingCell.swift in Sources */,
				6D7676071E48C12900A07969 /* DiscoverViewController.swift in Sources */,
				6D26CB911E8B4A430046D35D /* mealUtils.swift in Sources */,
				6D19072C1E8340F0000F9B8D /* PhotoViewCell.swift in Sources */,
			);
			runOnlyForDeploymentPostprocessing = 0;
		};
/* End PBXSourcesBuildPhase section */

/* Begin PBXTargetDependency section */
		6DD169921E48A524009F7690 /* PBXTargetDependency */ = {
			isa = PBXTargetDependency;
			target = 6DD169791E48A524009F7690 /* Saffron */;
			targetProxy = 6DD169911E48A524009F7690 /* PBXContainerItemProxy */;
		};
		6DD1699D1E48A524009F7690 /* PBXTargetDependency */ = {
			isa = PBXTargetDependency;
			target = 6DD169791E48A524009F7690 /* Saffron */;
			targetProxy = 6DD1699C1E48A524009F7690 /* PBXContainerItemProxy */;
		};
/* End PBXTargetDependency section */

/* Begin PBXVariantGroup section */
		6D7675ED1E48BDC700A07969 /* Following.storyboard */ = {
			isa = PBXVariantGroup;
			children = (
				6D7675EE1E48BDC700A07969 /* Base */,
			);
			name = Following.storyboard;
			sourceTree = "<group>";
		};
		6D7675F11E48BE0F00A07969 /* Discover.storyboard */ = {
			isa = PBXVariantGroup;
			children = (
				6D7675F21E48BE0F00A07969 /* Base */,
			);
			name = Discover.storyboard;
			sourceTree = "<group>";
		};
		6D7675FE1E48BF9A00A07969 /* Orders.storyboard */ = {
			isa = PBXVariantGroup;
			children = (
				6D7675FF1E48BF9A00A07969 /* Base */,
			);
			name = Orders.storyboard;
			sourceTree = "<group>";
		};
		6DD169831E48A524009F7690 /* Main.storyboard */ = {
			isa = PBXVariantGroup;
			children = (
				6DD169841E48A524009F7690 /* Base */,
			);
			name = Main.storyboard;
			sourceTree = "<group>";
		};
		6DD169881E48A524009F7690 /* LaunchScreen.storyboard */ = {
			isa = PBXVariantGroup;
			children = (
				6DD169891E48A524009F7690 /* Base */,
			);
			name = LaunchScreen.storyboard;
			sourceTree = "<group>";
		};
/* End PBXVariantGroup section */

/* Begin XCBuildConfiguration section */
		6DD169A21E48A524009F7690 /* Debug */ = {
			isa = XCBuildConfiguration;
			buildSettings = {
				ALWAYS_SEARCH_USER_PATHS = NO;
				CLANG_ANALYZER_NONNULL = YES;
				CLANG_CXX_LANGUAGE_STANDARD = "gnu++0x";
				CLANG_CXX_LIBRARY = "libc++";
				CLANG_ENABLE_MODULES = YES;
				CLANG_ENABLE_OBJC_ARC = YES;
				CLANG_WARN_BOOL_CONVERSION = YES;
				CLANG_WARN_CONSTANT_CONVERSION = YES;
				CLANG_WARN_DIRECT_OBJC_ISA_USAGE = YES_ERROR;
				CLANG_WARN_DOCUMENTATION_COMMENTS = YES;
				CLANG_WARN_EMPTY_BODY = YES;
				CLANG_WARN_ENUM_CONVERSION = YES;
				CLANG_WARN_INFINITE_RECURSION = YES;
				CLANG_WARN_INT_CONVERSION = YES;
				CLANG_WARN_OBJC_ROOT_CLASS = YES_ERROR;
				CLANG_WARN_SUSPICIOUS_MOVE = YES;
				CLANG_WARN_UNREACHABLE_CODE = YES;
				CLANG_WARN__DUPLICATE_METHOD_MATCH = YES;
				"CODE_SIGN_IDENTITY[sdk=iphoneos*]" = "iPhone Developer";
				COPY_PHASE_STRIP = NO;
				DEBUG_INFORMATION_FORMAT = dwarf;
				ENABLE_STRICT_OBJC_MSGSEND = YES;
				ENABLE_TESTABILITY = YES;
				GCC_C_LANGUAGE_STANDARD = gnu99;
				GCC_DYNAMIC_NO_PIC = NO;
				GCC_NO_COMMON_BLOCKS = YES;
				GCC_OPTIMIZATION_LEVEL = 0;
				GCC_PREPROCESSOR_DEFINITIONS = (
					"DEBUG=1",
					"$(inherited)",
				);
				GCC_WARN_64_TO_32_BIT_CONVERSION = YES;
				GCC_WARN_ABOUT_RETURN_TYPE = YES_ERROR;
				GCC_WARN_UNDECLARED_SELECTOR = YES;
				GCC_WARN_UNINITIALIZED_AUTOS = YES_AGGRESSIVE;
				GCC_WARN_UNUSED_FUNCTION = YES;
				GCC_WARN_UNUSED_VARIABLE = YES;
				IPHONEOS_DEPLOYMENT_TARGET = 10.2;
				MTL_ENABLE_DEBUG_INFO = YES;
				ONLY_ACTIVE_ARCH = YES;
				SDKROOT = iphoneos;
				SWIFT_ACTIVE_COMPILATION_CONDITIONS = DEBUG;
				SWIFT_OPTIMIZATION_LEVEL = "-Onone";
				TARGETED_DEVICE_FAMILY = "1,2";
			};
			name = Debug;
		};
		6DD169A31E48A524009F7690 /* Release */ = {
			isa = XCBuildConfiguration;
			buildSettings = {
				ALWAYS_SEARCH_USER_PATHS = NO;
				CLANG_ANALYZER_NONNULL = YES;
				CLANG_CXX_LANGUAGE_STANDARD = "gnu++0x";
				CLANG_CXX_LIBRARY = "libc++";
				CLANG_ENABLE_MODULES = YES;
				CLANG_ENABLE_OBJC_ARC = YES;
				CLANG_WARN_BOOL_CONVERSION = YES;
				CLANG_WARN_CONSTANT_CONVERSION = YES;
				CLANG_WARN_DIRECT_OBJC_ISA_USAGE = YES_ERROR;
				CLANG_WARN_DOCUMENTATION_COMMENTS = YES;
				CLANG_WARN_EMPTY_BODY = YES;
				CLANG_WARN_ENUM_CONVERSION = YES;
				CLANG_WARN_INFINITE_RECURSION = YES;
				CLANG_WARN_INT_CONVERSION = YES;
				CLANG_WARN_OBJC_ROOT_CLASS = YES_ERROR;
				CLANG_WARN_SUSPICIOUS_MOVE = YES;
				CLANG_WARN_UNREACHABLE_CODE = YES;
				CLANG_WARN__DUPLICATE_METHOD_MATCH = YES;
				"CODE_SIGN_IDENTITY[sdk=iphoneos*]" = "iPhone Developer";
				COPY_PHASE_STRIP = NO;
				DEBUG_INFORMATION_FORMAT = "dwarf-with-dsym";
				ENABLE_NS_ASSERTIONS = NO;
				ENABLE_STRICT_OBJC_MSGSEND = YES;
				GCC_C_LANGUAGE_STANDARD = gnu99;
				GCC_NO_COMMON_BLOCKS = YES;
				GCC_WARN_64_TO_32_BIT_CONVERSION = YES;
				GCC_WARN_ABOUT_RETURN_TYPE = YES_ERROR;
				GCC_WARN_UNDECLARED_SELECTOR = YES;
				GCC_WARN_UNINITIALIZED_AUTOS = YES_AGGRESSIVE;
				GCC_WARN_UNUSED_FUNCTION = YES;
				GCC_WARN_UNUSED_VARIABLE = YES;
				IPHONEOS_DEPLOYMENT_TARGET = 10.2;
				MTL_ENABLE_DEBUG_INFO = NO;
				SDKROOT = iphoneos;
				SWIFT_OPTIMIZATION_LEVEL = "-Owholemodule";
				TARGETED_DEVICE_FAMILY = "1,2";
				VALIDATE_PRODUCT = YES;
			};
			name = Release;
		};
		6DD169A51E48A524009F7690 /* Debug */ = {
			isa = XCBuildConfiguration;
			baseConfigurationReference = 4C9E07E03F34A97DA3ABF4F8 /* Pods-Saffron.debug.xcconfig */;
			buildSettings = {
				ASSETCATALOG_COMPILER_APPICON_NAME = AppIcon;
				DEVELOPMENT_TEAM = L9NRV34LQC;
				INFOPLIST_FILE = Saffron/Info.plist;
				IPHONEOS_DEPLOYMENT_TARGET = 9.0;
				LD_RUNPATH_SEARCH_PATHS = "$(inherited) @executable_path/Frameworks";
				PRODUCT_BUNDLE_IDENTIFIER = ericasolum.Saffron;
				PRODUCT_NAME = "$(TARGET_NAME)";
				SWIFT_VERSION = 3.0;
			};
			name = Debug;
		};
		6DD169A61E48A524009F7690 /* Release */ = {
			isa = XCBuildConfiguration;
			baseConfigurationReference = B41FB3AE94D251296A580280 /* Pods-Saffron.release.xcconfig */;
			buildSettings = {
				ASSETCATALOG_COMPILER_APPICON_NAME = AppIcon;
				DEVELOPMENT_TEAM = L9NRV34LQC;
				INFOPLIST_FILE = Saffron/Info.plist;
				IPHONEOS_DEPLOYMENT_TARGET = 9.0;
				LD_RUNPATH_SEARCH_PATHS = "$(inherited) @executable_path/Frameworks";
				PRODUCT_BUNDLE_IDENTIFIER = ericasolum.Saffron;
				PRODUCT_NAME = "$(TARGET_NAME)";
				SWIFT_VERSION = 3.0;
			};
			name = Release;
		};
		6DD169A81E48A524009F7690 /* Debug */ = {
			isa = XCBuildConfiguration;
			baseConfigurationReference = 47EDCD6D98A30C55C9D7ACFD /* Pods-SaffronTests.debug.xcconfig */;
			buildSettings = {
				ALWAYS_EMBED_SWIFT_STANDARD_LIBRARIES = YES;
				BUNDLE_LOADER = "$(TEST_HOST)";
				INFOPLIST_FILE = SaffronTests/Info.plist;
				LD_RUNPATH_SEARCH_PATHS = "$(inherited) @executable_path/Frameworks @loader_path/Frameworks";
				PRODUCT_BUNDLE_IDENTIFIER = ericasolum.SaffronTests;
				PRODUCT_NAME = "$(TARGET_NAME)";
				SWIFT_VERSION = 3.0;
				TEST_HOST = "$(BUILT_PRODUCTS_DIR)/Saffron.app/Saffron";
			};
			name = Debug;
		};
		6DD169A91E48A524009F7690 /* Release */ = {
			isa = XCBuildConfiguration;
			baseConfigurationReference = 7DBE5406C2FCEDE90D053318 /* Pods-SaffronTests.release.xcconfig */;
			buildSettings = {
				ALWAYS_EMBED_SWIFT_STANDARD_LIBRARIES = YES;
				BUNDLE_LOADER = "$(TEST_HOST)";
				INFOPLIST_FILE = SaffronTests/Info.plist;
				LD_RUNPATH_SEARCH_PATHS = "$(inherited) @executable_path/Frameworks @loader_path/Frameworks";
				PRODUCT_BUNDLE_IDENTIFIER = ericasolum.SaffronTests;
				PRODUCT_NAME = "$(TARGET_NAME)";
				SWIFT_VERSION = 3.0;
				TEST_HOST = "$(BUILT_PRODUCTS_DIR)/Saffron.app/Saffron";
			};
			name = Release;
		};
		6DD169AB1E48A524009F7690 /* Debug */ = {
			isa = XCBuildConfiguration;
			baseConfigurationReference = 9AF74B50DDFB6B5BBDCBE3F8 /* Pods-SaffronUITests.debug.xcconfig */;
			buildSettings = {
				ALWAYS_EMBED_SWIFT_STANDARD_LIBRARIES = YES;
				INFOPLIST_FILE = SaffronUITests/Info.plist;
				LD_RUNPATH_SEARCH_PATHS = "$(inherited) @executable_path/Frameworks @loader_path/Frameworks";
				PRODUCT_BUNDLE_IDENTIFIER = ericasolum.SaffronUITests;
				PRODUCT_NAME = "$(TARGET_NAME)";
				SWIFT_VERSION = 3.0;
				TEST_TARGET_NAME = Saffron;
			};
			name = Debug;
		};
		6DD169AC1E48A524009F7690 /* Release */ = {
			isa = XCBuildConfiguration;
			baseConfigurationReference = A4D4DBFF27664DE8E6771AE1 /* Pods-SaffronUITests.release.xcconfig */;
			buildSettings = {
				ALWAYS_EMBED_SWIFT_STANDARD_LIBRARIES = YES;
				INFOPLIST_FILE = SaffronUITests/Info.plist;
				LD_RUNPATH_SEARCH_PATHS = "$(inherited) @executable_path/Frameworks @loader_path/Frameworks";
				PRODUCT_BUNDLE_IDENTIFIER = ericasolum.SaffronUITests;
				PRODUCT_NAME = "$(TARGET_NAME)";
				SWIFT_VERSION = 3.0;
				TEST_TARGET_NAME = Saffron;
			};
			name = Release;
		};
/* End XCBuildConfiguration section */

/* Begin XCConfigurationList section */
		6DD169751E48A524009F7690 /* Build configuration list for PBXProject "Saffron" */ = {
			isa = XCConfigurationList;
			buildConfigurations = (
				6DD169A21E48A524009F7690 /* Debug */,
				6DD169A31E48A524009F7690 /* Release */,
			);
			defaultConfigurationIsVisible = 0;
			defaultConfigurationName = Release;
		};
		6DD169A41E48A524009F7690 /* Build configuration list for PBXNativeTarget "Saffron" */ = {
			isa = XCConfigurationList;
			buildConfigurations = (
				6DD169A51E48A524009F7690 /* Debug */,
				6DD169A61E48A524009F7690 /* Release */,
			);
			defaultConfigurationIsVisible = 0;
			defaultConfigurationName = Release;
		};
		6DD169A71E48A524009F7690 /* Build configuration list for PBXNativeTarget "SaffronTests" */ = {
			isa = XCConfigurationList;
			buildConfigurations = (
				6DD169A81E48A524009F7690 /* Debug */,
				6DD169A91E48A524009F7690 /* Release */,
			);
			defaultConfigurationIsVisible = 0;
			defaultConfigurationName = Release;
		};
		6DD169AA1E48A524009F7690 /* Build configuration list for PBXNativeTarget "SaffronUITests" */ = {
			isa = XCConfigurationList;
			buildConfigurations = (
				6DD169AB1E48A524009F7690 /* Debug */,
				6DD169AC1E48A524009F7690 /* Release */,
			);
			defaultConfigurationIsVisible = 0;
			defaultConfigurationName = Release;
		};
/* End XCConfigurationList section */
	};
	rootObject = 6DD169721E48A524009F7690 /* Project object */;
}
